
Microsoft Visual Studio Solution File, Format Version 12.00
# Visual Studio Version 16
VisualStudioVersion = 16.0.30114.105
MinimumVisualStudioVersion = 10.0.40219.1
Project("{9A19103F-16F7-4668-BE54-9A1E7A4F7556}") = "Trsys.CopyTrading.Domain", "src\Trsys.CopyTrading.Domain\Trsys.CopyTrading.Domain.csproj", "{6D5B1629-2885-47EE-8629-51F3073B26CA}"
EndProject
Project("{9A19103F-16F7-4668-BE54-9A1E7A4F7556}") = "Trsys.CopyTrading.Application", "src\Trsys.CopyTrading.Application\Trsys.CopyTrading.Application.csproj", "{15A34754-5DE0-4DDE-AF5A-27986FBAA42E}"
EndProject
Project("{2150E333-8FDC-42A3-9474-1A3956D46DE8}") = "tests", "tests", "{C9DD5F9B-264B-4777-8320-82E30769FEC2}"
EndProject
Project("{2150E333-8FDC-42A3-9474-1A3956D46DE8}") = "src", "src", "{BE62412F-403C-4A84-9398-1F7C297115EA}"
EndProject
Project("{9A19103F-16F7-4668-BE54-9A1E7A4F7556}") = "Trsys.Frontend.Web", "src\Trsys.Frontend.Web\Trsys.Frontend.Web.csproj", "{391C04BA-408C-43C8-8157-BF83A54F04F8}"
EndProject
Project("{9A19103F-16F7-4668-BE54-9A1E7A4F7556}") = "Trsys.CopyTrading", "src\Trsys.CopyTrading\Trsys.CopyTrading.csproj", "{6AF746F7-35D5-48F3-A415-E9FD7B326EDA}"
EndProject
Project("{9A19103F-16F7-4668-BE54-9A1E7A4F7556}") = "Trsys.Frontend.Web.Tests", "tests\Trsys.Frontend.Web.Tests\Trsys.Frontend.Web.Tests.csproj", "{E9555C6D-820F-47A6-ADA1-291BDFB7A51F}"
EndProject
Project("{9A19103F-16F7-4668-BE54-9A1E7A4F7556}") = "LoadTesting", "tests\LoadTesting\LoadTesting.csproj", "{DD678E6B-CEF1-478C-BFAC-0C66BC9014D5}"
EndProject
Project("{9A19103F-16F7-4668-BE54-9A1E7A4F7556}") = "Trsys.Ea", "src\Trsys.Ea\Trsys.Ea.csproj", "{0351FADA-0C2D-40DB-984E-A118F916AAC3}"
EndProject
Project("{9A19103F-16F7-4668-BE54-9A1E7A4F7556}") = "Trsys.Ea.Application", "src\Trsys.Ea.Application\Trsys.Ea.Application.csproj", "{7632D4CA-726A-4833-8061-4B7AD5879021}"
EndProject
Project("{9A19103F-16F7-4668-BE54-9A1E7A4F7556}") = "Trsys.Ea.Domain", "src\Trsys.Ea.Domain\Trsys.Ea.Domain.csproj", "{1B4C277D-C999-4C01-A34D-5C38603BB693}"
EndProject
Project("{9A19103F-16F7-4668-BE54-9A1E7A4F7556}") = "Trsys.Ea.Tests", "tests\Trsys.Ea.Tests\Trsys.Ea.Tests.csproj", "{2DAB77DE-8EB3-45E3-8CF7-22B520BBC9EE}"
EndProject
Project("{9A19103F-16F7-4668-BE54-9A1E7A4F7556}") = "Trsys.BackOffice", "src\Trsys.BackOffice\Trsys.BackOffice.csproj", "{AC580410-321B-442C-B0D4-75EC45D28299}"
EndProject
Project("{9A19103F-16F7-4668-BE54-9A1E7A4F7556}") = "Trsys.BackOffice.Application", "src\Trsys.BackOffice.Application\Trsys.BackOffice.Application.csproj", "{DD20BFD5-9CB6-4CF0-B71D-9574C83212DF}"
EndProject
Project("{9A19103F-16F7-4668-BE54-9A1E7A4F7556}") = "Trsys.BackOffice.Domain", "src\Trsys.BackOffice.Domain\Trsys.BackOffice.Domain.csproj", "{E78FDC97-FC24-4A0D-B5CD-16A9A6835C10}"
EndProject
Project("{9A19103F-16F7-4668-BE54-9A1E7A4F7556}") = "Trsys.BackOffice.Tests", "tests\Trsys.BackOffice.Tests\Trsys.BackOffice.Tests.csproj", "{EF3157C2-9AAD-4B28-9234-77F279DE137C}"
EndProject
Project("{9A19103F-16F7-4668-BE54-9A1E7A4F7556}") = "Trsys.CopyTrading.Tests", "tests\Trsys.CopyTrading.Tests\Trsys.CopyTrading.Tests.csproj", "{4F2CCC36-7B96-485F-81F7-3D10085F0F2A}"
EndProject
Project("{9A19103F-16F7-4668-BE54-9A1E7A4F7556}") = "Trsys.CopyTrading.Abstractions", "src\Trsys.CopyTrading.Abstractions\Trsys.CopyTrading.Abstractions.csproj", "{71108843-4170-4EE8-A2DE-CEAD8F2D8EFF}"
EndProject
Project("{FAE04EC0-301F-11D3-BF4B-00C04F79EFBC}") = "Trsys.BackOffice.Infrastructure", "src\Trsys.BackOffice.Infrastructure\Trsys.BackOffice.Infrastructure.csproj", "{FE0001A8-EF22-48DE-918E-F14D9E2CCFE1}"
EndProject
Project("{FAE04EC0-301F-11D3-BF4B-00C04F79EFBC}") = "Trsys.BackOffice.Abstractions", "src\Trsys.BackOffice.Abstractions\Trsys.BackOffice.Abstractions.csproj", "{69A6CE2C-91D1-4B95-B209-6620BAF40FC2}"
EndProject
Project("{FAE04EC0-301F-11D3-BF4B-00C04F79EFBC}") = "Trsys.Core", "src\Trsys.Core\Trsys.Core.csproj", "{2F1AE826-9859-4CA1-935F-E7E6AFD9EC23}"
EndProject
Global
	GlobalSection(SolutionConfigurationPlatforms) = preSolution
		Debug|Any CPU = Debug|Any CPU
		Debug|x64 = Debug|x64
		Debug|x86 = Debug|x86
		Release|Any CPU = Release|Any CPU
		Release|x64 = Release|x64
		Release|x86 = Release|x86
	EndGlobalSection
	GlobalSection(ProjectConfigurationPlatforms) = postSolution
		{6D5B1629-2885-47EE-8629-51F3073B26CA}.Debug|Any CPU.ActiveCfg = Debug|Any CPU
		{6D5B1629-2885-47EE-8629-51F3073B26CA}.Debug|Any CPU.Build.0 = Debug|Any CPU
		{6D5B1629-2885-47EE-8629-51F3073B26CA}.Debug|x64.ActiveCfg = Debug|Any CPU
		{6D5B1629-2885-47EE-8629-51F3073B26CA}.Debug|x64.Build.0 = Debug|Any CPU
		{6D5B1629-2885-47EE-8629-51F3073B26CA}.Debug|x86.ActiveCfg = Debug|Any CPU
		{6D5B1629-2885-47EE-8629-51F3073B26CA}.Debug|x86.Build.0 = Debug|Any CPU
		{6D5B1629-2885-47EE-8629-51F3073B26CA}.Release|Any CPU.ActiveCfg = Release|Any CPU
		{6D5B1629-2885-47EE-8629-51F3073B26CA}.Release|Any CPU.Build.0 = Release|Any CPU
		{6D5B1629-2885-47EE-8629-51F3073B26CA}.Release|x64.ActiveCfg = Release|Any CPU
		{6D5B1629-2885-47EE-8629-51F3073B26CA}.Release|x64.Build.0 = Release|Any CPU
		{6D5B1629-2885-47EE-8629-51F3073B26CA}.Release|x86.ActiveCfg = Release|Any CPU
		{6D5B1629-2885-47EE-8629-51F3073B26CA}.Release|x86.Build.0 = Release|Any CPU
		{15A34754-5DE0-4DDE-AF5A-27986FBAA42E}.Debug|Any CPU.ActiveCfg = Debug|Any CPU
		{15A34754-5DE0-4DDE-AF5A-27986FBAA42E}.Debug|Any CPU.Build.0 = Debug|Any CPU
		{15A34754-5DE0-4DDE-AF5A-27986FBAA42E}.Debug|x64.ActiveCfg = Debug|Any CPU
		{15A34754-5DE0-4DDE-AF5A-27986FBAA42E}.Debug|x64.Build.0 = Debug|Any CPU
		{15A34754-5DE0-4DDE-AF5A-27986FBAA42E}.Debug|x86.ActiveCfg = Debug|Any CPU
		{15A34754-5DE0-4DDE-AF5A-27986FBAA42E}.Debug|x86.Build.0 = Debug|Any CPU
		{15A34754-5DE0-4DDE-AF5A-27986FBAA42E}.Release|Any CPU.ActiveCfg = Release|Any CPU
		{15A34754-5DE0-4DDE-AF5A-27986FBAA42E}.Release|Any CPU.Build.0 = Release|Any CPU
		{15A34754-5DE0-4DDE-AF5A-27986FBAA42E}.Release|x64.ActiveCfg = Release|Any CPU
		{15A34754-5DE0-4DDE-AF5A-27986FBAA42E}.Release|x64.Build.0 = Release|Any CPU
		{15A34754-5DE0-4DDE-AF5A-27986FBAA42E}.Release|x86.ActiveCfg = Release|Any CPU
		{15A34754-5DE0-4DDE-AF5A-27986FBAA42E}.Release|x86.Build.0 = Release|Any CPU
		{391C04BA-408C-43C8-8157-BF83A54F04F8}.Debug|Any CPU.ActiveCfg = Debug|Any CPU
		{391C04BA-408C-43C8-8157-BF83A54F04F8}.Debug|Any CPU.Build.0 = Debug|Any CPU
		{391C04BA-408C-43C8-8157-BF83A54F04F8}.Debug|x64.ActiveCfg = Debug|Any CPU
		{391C04BA-408C-43C8-8157-BF83A54F04F8}.Debug|x64.Build.0 = Debug|Any CPU
		{391C04BA-408C-43C8-8157-BF83A54F04F8}.Debug|x86.ActiveCfg = Debug|Any CPU
		{391C04BA-408C-43C8-8157-BF83A54F04F8}.Debug|x86.Build.0 = Debug|Any CPU
		{391C04BA-408C-43C8-8157-BF83A54F04F8}.Release|Any CPU.ActiveCfg = Release|Any CPU
		{391C04BA-408C-43C8-8157-BF83A54F04F8}.Release|Any CPU.Build.0 = Release|Any CPU
		{391C04BA-408C-43C8-8157-BF83A54F04F8}.Release|x64.ActiveCfg = Release|Any CPU
		{391C04BA-408C-43C8-8157-BF83A54F04F8}.Release|x64.Build.0 = Release|Any CPU
		{391C04BA-408C-43C8-8157-BF83A54F04F8}.Release|x86.ActiveCfg = Release|Any CPU
		{391C04BA-408C-43C8-8157-BF83A54F04F8}.Release|x86.Build.0 = Release|Any CPU
		{6AF746F7-35D5-48F3-A415-E9FD7B326EDA}.Debug|Any CPU.ActiveCfg = Debug|Any CPU
		{6AF746F7-35D5-48F3-A415-E9FD7B326EDA}.Debug|Any CPU.Build.0 = Debug|Any CPU
		{6AF746F7-35D5-48F3-A415-E9FD7B326EDA}.Debug|x64.ActiveCfg = Debug|Any CPU
		{6AF746F7-35D5-48F3-A415-E9FD7B326EDA}.Debug|x64.Build.0 = Debug|Any CPU
		{6AF746F7-35D5-48F3-A415-E9FD7B326EDA}.Debug|x86.ActiveCfg = Debug|Any CPU
		{6AF746F7-35D5-48F3-A415-E9FD7B326EDA}.Debug|x86.Build.0 = Debug|Any CPU
		{6AF746F7-35D5-48F3-A415-E9FD7B326EDA}.Release|Any CPU.ActiveCfg = Release|Any CPU
		{6AF746F7-35D5-48F3-A415-E9FD7B326EDA}.Release|Any CPU.Build.0 = Release|Any CPU
		{6AF746F7-35D5-48F3-A415-E9FD7B326EDA}.Release|x64.ActiveCfg = Release|Any CPU
		{6AF746F7-35D5-48F3-A415-E9FD7B326EDA}.Release|x64.Build.0 = Release|Any CPU
		{6AF746F7-35D5-48F3-A415-E9FD7B326EDA}.Release|x86.ActiveCfg = Release|Any CPU
		{6AF746F7-35D5-48F3-A415-E9FD7B326EDA}.Release|x86.Build.0 = Release|Any CPU
		{E9555C6D-820F-47A6-ADA1-291BDFB7A51F}.Debug|Any CPU.ActiveCfg = Debug|Any CPU
		{E9555C6D-820F-47A6-ADA1-291BDFB7A51F}.Debug|Any CPU.Build.0 = Debug|Any CPU
		{E9555C6D-820F-47A6-ADA1-291BDFB7A51F}.Debug|x64.ActiveCfg = Debug|Any CPU
		{E9555C6D-820F-47A6-ADA1-291BDFB7A51F}.Debug|x64.Build.0 = Debug|Any CPU
		{E9555C6D-820F-47A6-ADA1-291BDFB7A51F}.Debug|x86.ActiveCfg = Debug|Any CPU
		{E9555C6D-820F-47A6-ADA1-291BDFB7A51F}.Debug|x86.Build.0 = Debug|Any CPU
		{E9555C6D-820F-47A6-ADA1-291BDFB7A51F}.Release|Any CPU.ActiveCfg = Release|Any CPU
		{E9555C6D-820F-47A6-ADA1-291BDFB7A51F}.Release|Any CPU.Build.0 = Release|Any CPU
		{E9555C6D-820F-47A6-ADA1-291BDFB7A51F}.Release|x64.ActiveCfg = Release|Any CPU
		{E9555C6D-820F-47A6-ADA1-291BDFB7A51F}.Release|x64.Build.0 = Release|Any CPU
		{E9555C6D-820F-47A6-ADA1-291BDFB7A51F}.Release|x86.ActiveCfg = Release|Any CPU
		{E9555C6D-820F-47A6-ADA1-291BDFB7A51F}.Release|x86.Build.0 = Release|Any CPU
		{DD678E6B-CEF1-478C-BFAC-0C66BC9014D5}.Debug|Any CPU.ActiveCfg = Debug|Any CPU
		{DD678E6B-CEF1-478C-BFAC-0C66BC9014D5}.Debug|Any CPU.Build.0 = Debug|Any CPU
		{DD678E6B-CEF1-478C-BFAC-0C66BC9014D5}.Debug|x64.ActiveCfg = Debug|Any CPU
		{DD678E6B-CEF1-478C-BFAC-0C66BC9014D5}.Debug|x64.Build.0 = Debug|Any CPU
		{DD678E6B-CEF1-478C-BFAC-0C66BC9014D5}.Debug|x86.ActiveCfg = Debug|Any CPU
		{DD678E6B-CEF1-478C-BFAC-0C66BC9014D5}.Debug|x86.Build.0 = Debug|Any CPU
		{DD678E6B-CEF1-478C-BFAC-0C66BC9014D5}.Release|Any CPU.ActiveCfg = Release|Any CPU
		{DD678E6B-CEF1-478C-BFAC-0C66BC9014D5}.Release|Any CPU.Build.0 = Release|Any CPU
		{DD678E6B-CEF1-478C-BFAC-0C66BC9014D5}.Release|x64.ActiveCfg = Release|Any CPU
		{DD678E6B-CEF1-478C-BFAC-0C66BC9014D5}.Release|x64.Build.0 = Release|Any CPU
		{DD678E6B-CEF1-478C-BFAC-0C66BC9014D5}.Release|x86.ActiveCfg = Release|Any CPU
		{DD678E6B-CEF1-478C-BFAC-0C66BC9014D5}.Release|x86.Build.0 = Release|Any CPU
		{0351FADA-0C2D-40DB-984E-A118F916AAC3}.Debug|Any CPU.ActiveCfg = Debug|Any CPU
		{0351FADA-0C2D-40DB-984E-A118F916AAC3}.Debug|Any CPU.Build.0 = Debug|Any CPU
		{0351FADA-0C2D-40DB-984E-A118F916AAC3}.Debug|x64.ActiveCfg = Debug|Any CPU
		{0351FADA-0C2D-40DB-984E-A118F916AAC3}.Debug|x64.Build.0 = Debug|Any CPU
		{0351FADA-0C2D-40DB-984E-A118F916AAC3}.Debug|x86.ActiveCfg = Debug|Any CPU
		{0351FADA-0C2D-40DB-984E-A118F916AAC3}.Debug|x86.Build.0 = Debug|Any CPU
		{0351FADA-0C2D-40DB-984E-A118F916AAC3}.Release|Any CPU.ActiveCfg = Release|Any CPU
		{0351FADA-0C2D-40DB-984E-A118F916AAC3}.Release|Any CPU.Build.0 = Release|Any CPU
		{0351FADA-0C2D-40DB-984E-A118F916AAC3}.Release|x64.ActiveCfg = Release|Any CPU
		{0351FADA-0C2D-40DB-984E-A118F916AAC3}.Release|x64.Build.0 = Release|Any CPU
		{0351FADA-0C2D-40DB-984E-A118F916AAC3}.Release|x86.ActiveCfg = Release|Any CPU
		{0351FADA-0C2D-40DB-984E-A118F916AAC3}.Release|x86.Build.0 = Release|Any CPU
		{7632D4CA-726A-4833-8061-4B7AD5879021}.Debug|Any CPU.ActiveCfg = Debug|Any CPU
		{7632D4CA-726A-4833-8061-4B7AD5879021}.Debug|Any CPU.Build.0 = Debug|Any CPU
		{7632D4CA-726A-4833-8061-4B7AD5879021}.Debug|x64.ActiveCfg = Debug|Any CPU
		{7632D4CA-726A-4833-8061-4B7AD5879021}.Debug|x64.Build.0 = Debug|Any CPU
		{7632D4CA-726A-4833-8061-4B7AD5879021}.Debug|x86.ActiveCfg = Debug|Any CPU
		{7632D4CA-726A-4833-8061-4B7AD5879021}.Debug|x86.Build.0 = Debug|Any CPU
		{7632D4CA-726A-4833-8061-4B7AD5879021}.Release|Any CPU.ActiveCfg = Release|Any CPU
		{7632D4CA-726A-4833-8061-4B7AD5879021}.Release|Any CPU.Build.0 = Release|Any CPU
		{7632D4CA-726A-4833-8061-4B7AD5879021}.Release|x64.ActiveCfg = Release|Any CPU
		{7632D4CA-726A-4833-8061-4B7AD5879021}.Release|x64.Build.0 = Release|Any CPU
		{7632D4CA-726A-4833-8061-4B7AD5879021}.Release|x86.ActiveCfg = Release|Any CPU
		{7632D4CA-726A-4833-8061-4B7AD5879021}.Release|x86.Build.0 = Release|Any CPU
		{1B4C277D-C999-4C01-A34D-5C38603BB693}.Debug|Any CPU.ActiveCfg = Debug|Any CPU
		{1B4C277D-C999-4C01-A34D-5C38603BB693}.Debug|Any CPU.Build.0 = Debug|Any CPU
		{1B4C277D-C999-4C01-A34D-5C38603BB693}.Debug|x64.ActiveCfg = Debug|Any CPU
		{1B4C277D-C999-4C01-A34D-5C38603BB693}.Debug|x64.Build.0 = Debug|Any CPU
		{1B4C277D-C999-4C01-A34D-5C38603BB693}.Debug|x86.ActiveCfg = Debug|Any CPU
		{1B4C277D-C999-4C01-A34D-5C38603BB693}.Debug|x86.Build.0 = Debug|Any CPU
		{1B4C277D-C999-4C01-A34D-5C38603BB693}.Release|Any CPU.ActiveCfg = Release|Any CPU
		{1B4C277D-C999-4C01-A34D-5C38603BB693}.Release|Any CPU.Build.0 = Release|Any CPU
		{1B4C277D-C999-4C01-A34D-5C38603BB693}.Release|x64.ActiveCfg = Release|Any CPU
		{1B4C277D-C999-4C01-A34D-5C38603BB693}.Release|x64.Build.0 = Release|Any CPU
		{1B4C277D-C999-4C01-A34D-5C38603BB693}.Release|x86.ActiveCfg = Release|Any CPU
		{1B4C277D-C999-4C01-A34D-5C38603BB693}.Release|x86.Build.0 = Release|Any CPU
		{2DAB77DE-8EB3-45E3-8CF7-22B520BBC9EE}.Debug|Any CPU.ActiveCfg = Debug|Any CPU
		{2DAB77DE-8EB3-45E3-8CF7-22B520BBC9EE}.Debug|Any CPU.Build.0 = Debug|Any CPU
		{2DAB77DE-8EB3-45E3-8CF7-22B520BBC9EE}.Debug|x64.ActiveCfg = Debug|Any CPU
		{2DAB77DE-8EB3-45E3-8CF7-22B520BBC9EE}.Debug|x64.Build.0 = Debug|Any CPU
		{2DAB77DE-8EB3-45E3-8CF7-22B520BBC9EE}.Debug|x86.ActiveCfg = Debug|Any CPU
		{2DAB77DE-8EB3-45E3-8CF7-22B520BBC9EE}.Debug|x86.Build.0 = Debug|Any CPU
		{2DAB77DE-8EB3-45E3-8CF7-22B520BBC9EE}.Release|Any CPU.ActiveCfg = Release|Any CPU
		{2DAB77DE-8EB3-45E3-8CF7-22B520BBC9EE}.Release|Any CPU.Build.0 = Release|Any CPU
		{2DAB77DE-8EB3-45E3-8CF7-22B520BBC9EE}.Release|x64.ActiveCfg = Release|Any CPU
		{2DAB77DE-8EB3-45E3-8CF7-22B520BBC9EE}.Release|x64.Build.0 = Release|Any CPU
		{2DAB77DE-8EB3-45E3-8CF7-22B520BBC9EE}.Release|x86.ActiveCfg = Release|Any CPU
		{2DAB77DE-8EB3-45E3-8CF7-22B520BBC9EE}.Release|x86.Build.0 = Release|Any CPU
		{AC580410-321B-442C-B0D4-75EC45D28299}.Debug|Any CPU.ActiveCfg = Debug|Any CPU
		{AC580410-321B-442C-B0D4-75EC45D28299}.Debug|Any CPU.Build.0 = Debug|Any CPU
		{AC580410-321B-442C-B0D4-75EC45D28299}.Debug|x64.ActiveCfg = Debug|Any CPU
		{AC580410-321B-442C-B0D4-75EC45D28299}.Debug|x64.Build.0 = Debug|Any CPU
		{AC580410-321B-442C-B0D4-75EC45D28299}.Debug|x86.ActiveCfg = Debug|Any CPU
		{AC580410-321B-442C-B0D4-75EC45D28299}.Debug|x86.Build.0 = Debug|Any CPU
		{AC580410-321B-442C-B0D4-75EC45D28299}.Release|Any CPU.ActiveCfg = Release|Any CPU
		{AC580410-321B-442C-B0D4-75EC45D28299}.Release|Any CPU.Build.0 = Release|Any CPU
		{AC580410-321B-442C-B0D4-75EC45D28299}.Release|x64.ActiveCfg = Release|Any CPU
		{AC580410-321B-442C-B0D4-75EC45D28299}.Release|x64.Build.0 = Release|Any CPU
		{AC580410-321B-442C-B0D4-75EC45D28299}.Release|x86.ActiveCfg = Release|Any CPU
		{AC580410-321B-442C-B0D4-75EC45D28299}.Release|x86.Build.0 = Release|Any CPU
		{DD20BFD5-9CB6-4CF0-B71D-9574C83212DF}.Debug|Any CPU.ActiveCfg = Debug|Any CPU
		{DD20BFD5-9CB6-4CF0-B71D-9574C83212DF}.Debug|Any CPU.Build.0 = Debug|Any CPU
		{DD20BFD5-9CB6-4CF0-B71D-9574C83212DF}.Debug|x64.ActiveCfg = Debug|Any CPU
		{DD20BFD5-9CB6-4CF0-B71D-9574C83212DF}.Debug|x64.Build.0 = Debug|Any CPU
		{DD20BFD5-9CB6-4CF0-B71D-9574C83212DF}.Debug|x86.ActiveCfg = Debug|Any CPU
		{DD20BFD5-9CB6-4CF0-B71D-9574C83212DF}.Debug|x86.Build.0 = Debug|Any CPU
		{DD20BFD5-9CB6-4CF0-B71D-9574C83212DF}.Release|Any CPU.ActiveCfg = Release|Any CPU
		{DD20BFD5-9CB6-4CF0-B71D-9574C83212DF}.Release|Any CPU.Build.0 = Release|Any CPU
		{DD20BFD5-9CB6-4CF0-B71D-9574C83212DF}.Release|x64.ActiveCfg = Release|Any CPU
		{DD20BFD5-9CB6-4CF0-B71D-9574C83212DF}.Release|x64.Build.0 = Release|Any CPU
		{DD20BFD5-9CB6-4CF0-B71D-9574C83212DF}.Release|x86.ActiveCfg = Release|Any CPU
		{DD20BFD5-9CB6-4CF0-B71D-9574C83212DF}.Release|x86.Build.0 = Release|Any CPU
		{E78FDC97-FC24-4A0D-B5CD-16A9A6835C10}.Debug|Any CPU.ActiveCfg = Debug|Any CPU
		{E78FDC97-FC24-4A0D-B5CD-16A9A6835C10}.Debug|Any CPU.Build.0 = Debug|Any CPU
		{E78FDC97-FC24-4A0D-B5CD-16A9A6835C10}.Debug|x64.ActiveCfg = Debug|Any CPU
		{E78FDC97-FC24-4A0D-B5CD-16A9A6835C10}.Debug|x64.Build.0 = Debug|Any CPU
		{E78FDC97-FC24-4A0D-B5CD-16A9A6835C10}.Debug|x86.ActiveCfg = Debug|Any CPU
		{E78FDC97-FC24-4A0D-B5CD-16A9A6835C10}.Debug|x86.Build.0 = Debug|Any CPU
		{E78FDC97-FC24-4A0D-B5CD-16A9A6835C10}.Release|Any CPU.ActiveCfg = Release|Any CPU
		{E78FDC97-FC24-4A0D-B5CD-16A9A6835C10}.Release|Any CPU.Build.0 = Release|Any CPU
		{E78FDC97-FC24-4A0D-B5CD-16A9A6835C10}.Release|x64.ActiveCfg = Release|Any CPU
		{E78FDC97-FC24-4A0D-B5CD-16A9A6835C10}.Release|x64.Build.0 = Release|Any CPU
		{E78FDC97-FC24-4A0D-B5CD-16A9A6835C10}.Release|x86.ActiveCfg = Release|Any CPU
		{E78FDC97-FC24-4A0D-B5CD-16A9A6835C10}.Release|x86.Build.0 = Release|Any CPU
		{EF3157C2-9AAD-4B28-9234-77F279DE137C}.Debug|Any CPU.ActiveCfg = Debug|Any CPU
		{EF3157C2-9AAD-4B28-9234-77F279DE137C}.Debug|Any CPU.Build.0 = Debug|Any CPU
		{EF3157C2-9AAD-4B28-9234-77F279DE137C}.Debug|x64.ActiveCfg = Debug|Any CPU
		{EF3157C2-9AAD-4B28-9234-77F279DE137C}.Debug|x64.Build.0 = Debug|Any CPU
		{EF3157C2-9AAD-4B28-9234-77F279DE137C}.Debug|x86.ActiveCfg = Debug|Any CPU
		{EF3157C2-9AAD-4B28-9234-77F279DE137C}.Debug|x86.Build.0 = Debug|Any CPU
		{EF3157C2-9AAD-4B28-9234-77F279DE137C}.Release|Any CPU.ActiveCfg = Release|Any CPU
		{EF3157C2-9AAD-4B28-9234-77F279DE137C}.Release|Any CPU.Build.0 = Release|Any CPU
		{EF3157C2-9AAD-4B28-9234-77F279DE137C}.Release|x64.ActiveCfg = Release|Any CPU
		{EF3157C2-9AAD-4B28-9234-77F279DE137C}.Release|x64.Build.0 = Release|Any CPU
		{EF3157C2-9AAD-4B28-9234-77F279DE137C}.Release|x86.ActiveCfg = Release|Any CPU
		{EF3157C2-9AAD-4B28-9234-77F279DE137C}.Release|x86.Build.0 = Release|Any CPU
		{4F2CCC36-7B96-485F-81F7-3D10085F0F2A}.Debug|Any CPU.ActiveCfg = Debug|Any CPU
		{4F2CCC36-7B96-485F-81F7-3D10085F0F2A}.Debug|Any CPU.Build.0 = Debug|Any CPU
		{4F2CCC36-7B96-485F-81F7-3D10085F0F2A}.Debug|x64.ActiveCfg = Debug|Any CPU
		{4F2CCC36-7B96-485F-81F7-3D10085F0F2A}.Debug|x64.Build.0 = Debug|Any CPU
		{4F2CCC36-7B96-485F-81F7-3D10085F0F2A}.Debug|x86.ActiveCfg = Debug|Any CPU
		{4F2CCC36-7B96-485F-81F7-3D10085F0F2A}.Debug|x86.Build.0 = Debug|Any CPU
		{4F2CCC36-7B96-485F-81F7-3D10085F0F2A}.Release|Any CPU.ActiveCfg = Release|Any CPU
		{4F2CCC36-7B96-485F-81F7-3D10085F0F2A}.Release|Any CPU.Build.0 = Release|Any CPU
		{4F2CCC36-7B96-485F-81F7-3D10085F0F2A}.Release|x64.ActiveCfg = Release|Any CPU
		{4F2CCC36-7B96-485F-81F7-3D10085F0F2A}.Release|x64.Build.0 = Release|Any CPU
		{4F2CCC36-7B96-485F-81F7-3D10085F0F2A}.Release|x86.ActiveCfg = Release|Any CPU
		{4F2CCC36-7B96-485F-81F7-3D10085F0F2A}.Release|x86.Build.0 = Release|Any CPU
		{71108843-4170-4EE8-A2DE-CEAD8F2D8EFF}.Debug|Any CPU.ActiveCfg = Debug|Any CPU
		{71108843-4170-4EE8-A2DE-CEAD8F2D8EFF}.Debug|Any CPU.Build.0 = Debug|Any CPU
		{71108843-4170-4EE8-A2DE-CEAD8F2D8EFF}.Debug|x64.ActiveCfg = Debug|Any CPU
		{71108843-4170-4EE8-A2DE-CEAD8F2D8EFF}.Debug|x64.Build.0 = Debug|Any CPU
		{71108843-4170-4EE8-A2DE-CEAD8F2D8EFF}.Debug|x86.ActiveCfg = Debug|Any CPU
		{71108843-4170-4EE8-A2DE-CEAD8F2D8EFF}.Debug|x86.Build.0 = Debug|Any CPU
		{71108843-4170-4EE8-A2DE-CEAD8F2D8EFF}.Release|Any CPU.ActiveCfg = Release|Any CPU
		{71108843-4170-4EE8-A2DE-CEAD8F2D8EFF}.Release|Any CPU.Build.0 = Release|Any CPU
		{71108843-4170-4EE8-A2DE-CEAD8F2D8EFF}.Release|x64.ActiveCfg = Release|Any CPU
		{71108843-4170-4EE8-A2DE-CEAD8F2D8EFF}.Release|x64.Build.0 = Release|Any CPU
		{71108843-4170-4EE8-A2DE-CEAD8F2D8EFF}.Release|x86.ActiveCfg = Release|Any CPU
		{71108843-4170-4EE8-A2DE-CEAD8F2D8EFF}.Release|x86.Build.0 = Release|Any CPU
		{FE0001A8-EF22-48DE-918E-F14D9E2CCFE1}.Debug|Any CPU.ActiveCfg = Debug|Any CPU
		{FE0001A8-EF22-48DE-918E-F14D9E2CCFE1}.Debug|Any CPU.Build.0 = Debug|Any CPU
		{FE0001A8-EF22-48DE-918E-F14D9E2CCFE1}.Debug|x64.ActiveCfg = Debug|Any CPU
		{FE0001A8-EF22-48DE-918E-F14D9E2CCFE1}.Debug|x64.Build.0 = Debug|Any CPU
		{FE0001A8-EF22-48DE-918E-F14D9E2CCFE1}.Debug|x86.ActiveCfg = Debug|Any CPU
		{FE0001A8-EF22-48DE-918E-F14D9E2CCFE1}.Debug|x86.Build.0 = Debug|Any CPU
		{FE0001A8-EF22-48DE-918E-F14D9E2CCFE1}.Release|Any CPU.ActiveCfg = Release|Any CPU
		{FE0001A8-EF22-48DE-918E-F14D9E2CCFE1}.Release|Any CPU.Build.0 = Release|Any CPU
		{FE0001A8-EF22-48DE-918E-F14D9E2CCFE1}.Release|x64.ActiveCfg = Release|Any CPU
		{FE0001A8-EF22-48DE-918E-F14D9E2CCFE1}.Release|x64.Build.0 = Release|Any CPU
		{FE0001A8-EF22-48DE-918E-F14D9E2CCFE1}.Release|x86.ActiveCfg = Release|Any CPU
		{FE0001A8-EF22-48DE-918E-F14D9E2CCFE1}.Release|x86.Build.0 = Release|Any CPU
		{69A6CE2C-91D1-4B95-B209-6620BAF40FC2}.Debug|Any CPU.ActiveCfg = Debug|Any CPU
		{69A6CE2C-91D1-4B95-B209-6620BAF40FC2}.Debug|Any CPU.Build.0 = Debug|Any CPU
		{69A6CE2C-91D1-4B95-B209-6620BAF40FC2}.Debug|x64.ActiveCfg = Debug|Any CPU
		{69A6CE2C-91D1-4B95-B209-6620BAF40FC2}.Debug|x64.Build.0 = Debug|Any CPU
		{69A6CE2C-91D1-4B95-B209-6620BAF40FC2}.Debug|x86.ActiveCfg = Debug|Any CPU
		{69A6CE2C-91D1-4B95-B209-6620BAF40FC2}.Debug|x86.Build.0 = Debug|Any CPU
		{69A6CE2C-91D1-4B95-B209-6620BAF40FC2}.Release|Any CPU.ActiveCfg = Release|Any CPU
		{69A6CE2C-91D1-4B95-B209-6620BAF40FC2}.Release|Any CPU.Build.0 = Release|Any CPU
		{69A6CE2C-91D1-4B95-B209-6620BAF40FC2}.Release|x64.ActiveCfg = Release|Any CPU
		{69A6CE2C-91D1-4B95-B209-6620BAF40FC2}.Release|x64.Build.0 = Release|Any CPU
		{69A6CE2C-91D1-4B95-B209-6620BAF40FC2}.Release|x86.ActiveCfg = Release|Any CPU
		{69A6CE2C-91D1-4B95-B209-6620BAF40FC2}.Release|x86.Build.0 = Release|Any CPU
		{2F1AE826-9859-4CA1-935F-E7E6AFD9EC23}.Debug|Any CPU.ActiveCfg = Debug|Any CPU
		{2F1AE826-9859-4CA1-935F-E7E6AFD9EC23}.Debug|Any CPU.Build.0 = Debug|Any CPU
		{2F1AE826-9859-4CA1-935F-E7E6AFD9EC23}.Debug|x64.ActiveCfg = Debug|Any CPU
		{2F1AE826-9859-4CA1-935F-E7E6AFD9EC23}.Debug|x64.Build.0 = Debug|Any CPU
		{2F1AE826-9859-4CA1-935F-E7E6AFD9EC23}.Debug|x86.ActiveCfg = Debug|Any CPU
		{2F1AE826-9859-4CA1-935F-E7E6AFD9EC23}.Debug|x86.Build.0 = Debug|Any CPU
		{2F1AE826-9859-4CA1-935F-E7E6AFD9EC23}.Release|Any CPU.ActiveCfg = Release|Any CPU
		{2F1AE826-9859-4CA1-935F-E7E6AFD9EC23}.Release|Any CPU.Build.0 = Release|Any CPU
		{2F1AE826-9859-4CA1-935F-E7E6AFD9EC23}.Release|x64.ActiveCfg = Release|Any CPU
		{2F1AE826-9859-4CA1-935F-E7E6AFD9EC23}.Release|x64.Build.0 = Release|Any CPU
		{2F1AE826-9859-4CA1-935F-E7E6AFD9EC23}.Release|x86.ActiveCfg = Release|Any CPU
		{2F1AE826-9859-4CA1-935F-E7E6AFD9EC23}.Release|x86.Build.0 = Release|Any CPU
	EndGlobalSection
	GlobalSection(SolutionProperties) = preSolution
		HideSolutionNode = FALSE
	EndGlobalSection
	GlobalSection(NestedProjects) = preSolution
		{6D5B1629-2885-47EE-8629-51F3073B26CA} = {BE62412F-403C-4A84-9398-1F7C297115EA}
		{15A34754-5DE0-4DDE-AF5A-27986FBAA42E} = {BE62412F-403C-4A84-9398-1F7C297115EA}
		{391C04BA-408C-43C8-8157-BF83A54F04F8} = {BE62412F-403C-4A84-9398-1F7C297115EA}
		{6AF746F7-35D5-48F3-A415-E9FD7B326EDA} = {BE62412F-403C-4A84-9398-1F7C297115EA}
		{E9555C6D-820F-47A6-ADA1-291BDFB7A51F} = {C9DD5F9B-264B-4777-8320-82E30769FEC2}
		{DD678E6B-CEF1-478C-BFAC-0C66BC9014D5} = {C9DD5F9B-264B-4777-8320-82E30769FEC2}
		{0351FADA-0C2D-40DB-984E-A118F916AAC3} = {BE62412F-403C-4A84-9398-1F7C297115EA}
		{7632D4CA-726A-4833-8061-4B7AD5879021} = {BE62412F-403C-4A84-9398-1F7C297115EA}
		{1B4C277D-C999-4C01-A34D-5C38603BB693} = {BE62412F-403C-4A84-9398-1F7C297115EA}
		{2DAB77DE-8EB3-45E3-8CF7-22B520BBC9EE} = {C9DD5F9B-264B-4777-8320-82E30769FEC2}
		{AC580410-321B-442C-B0D4-75EC45D28299} = {BE62412F-403C-4A84-9398-1F7C297115EA}
		{DD20BFD5-9CB6-4CF0-B71D-9574C83212DF} = {BE62412F-403C-4A84-9398-1F7C297115EA}
		{E78FDC97-FC24-4A0D-B5CD-16A9A6835C10} = {BE62412F-403C-4A84-9398-1F7C297115EA}
		{EF3157C2-9AAD-4B28-9234-77F279DE137C} = {C9DD5F9B-264B-4777-8320-82E30769FEC2}
		{4F2CCC36-7B96-485F-81F7-3D10085F0F2A} = {C9DD5F9B-264B-4777-8320-82E30769FEC2}
		{71108843-4170-4EE8-A2DE-CEAD8F2D8EFF} = {BE62412F-403C-4A84-9398-1F7C297115EA}
		{FE0001A8-EF22-48DE-918E-F14D9E2CCFE1} = {BE62412F-403C-4A84-9398-1F7C297115EA}
		{69A6CE2C-91D1-4B95-B209-6620BAF40FC2} = {BE62412F-403C-4A84-9398-1F7C297115EA}
		{2F1AE826-9859-4CA1-935F-E7E6AFD9EC23} = {BE62412F-403C-4A84-9398-1F7C297115EA}
	EndGlobalSection
	GlobalSection(ExtensibilityGlobals) = postSolution
		SolutionGuid = {080E749E-E248-4B95-B548-61854474AB22}
	EndGlobalSection
EndGlobal
